{
  "object": {
    "pins": [
      {
        "package": "DataDecoder",
        "repositoryURL": "https://github.com/FitnessKit/DataDecoder",
        "state": {
          "branch": null,
          "revision": "24e83648db32bb7457e6150a336f72c06da6dbd5",
          "version": "4.0.3"
        }
      },
      {
        "package": "FitnessUnits",
        "repositoryURL": "https://github.com/FitnessKit/FitnessUnits",
        "state": {
          "branch": null,
          "revision": "1ea029dc28528c7842bd2e785fe4d5f662ac42da",
          "version": "2.0.1"
        }
      }
    ]
  },
  "version": 1
}
